{
  "originHash" : "579332f97e30dd0198d4dd3368dea23565c3ad5b39fcb450ea02c81dd5e61189",
  "pins" : [
    {
      "identity" : "sqlite.swift",
      "kind" : "remoteSourceControl",
      "location" : "https://github.com/stephencelis/SQLite.swift.git",
      "state" : {
        "revision" : "964c300fb0736699ce945c9edb56ecd62eba27a3",
        "version" : "0.16.0"
      }
    }
  ],
  "version" : 3
}
